{
  "object": {
    "pins": [
      {
        "package": "Files",
        "repositoryURL": "/Users/naru/repo/naru-jpn/Files",
        "state": {
          "branch": null,
          "revision": "61ce5b221db3ad4a3cb6d6b2dcaa7abe82aab46e",
          "version": "0.0.1"
        }
      }
    ]
  },
  "version": 1
}
