{
  "object": {
    "pins": [
      {
        "package": "Files",
        "repositoryURL": "/Users/naru/repo/naru-jpn/Files",
        "state": {
          "branch": null,
          "revision": "e0c5f995dcb51a42ac6d8c4787855cd461ef6f12",
          "version": "0.0.1"
        }
      }
    ]
  },
  "version": 1
}
