{
  "object": {
    "pins": [
      {
        "package": "Files",
        "repositoryURL": "/Users/naru/repo/naru-jpn/Files",
        "state": {
          "branch": null,
          "revision": "7a7cdceaaada646956e5551e3a9ab7bad6e4d928",
          "version": "0.0.3"
        }
      }
    ]
  },
  "version": 1
}
